// !$*UTF8*$!
{
	archiveVersion = 1;
	classes = {
	};
	objectVersion = 55;
	objects = {

/* Begin PBXBuildFile section */
		60261D8A28CA26DC004E2589 /* AppDelegate.swift in Sources */ = {isa = PBXBuildFile; fileRef = 60261D8928CA26DC004E2589 /* AppDelegate.swift */; };
		60261D8C28CA26DC004E2589 /* SceneDelegate.swift in Sources */ = {isa = PBXBuildFile; fileRef = 60261D8B28CA26DC004E2589 /* SceneDelegate.swift */; };
		60261D8E28CA26DC004E2589 /* ViewController.swift in Sources */ = {isa = PBXBuildFile; fileRef = 60261D8D28CA26DC004E2589 /* ViewController.swift */; };
		60261D9128CA26DC004E2589 /* Main.storyboard in Resources */ = {isa = PBXBuildFile; fileRef = 60261D8F28CA26DC004E2589 /* Main.storyboard */; };
		60261D9328CA26DF004E2589 /* Assets.xcassets in Resources */ = {isa = PBXBuildFile; fileRef = 60261D9228CA26DF004E2589 /* Assets.xcassets */; };
		60261D9628CA26DF004E2589 /* LaunchScreen.storyboard in Resources */ = {isa = PBXBuildFile; fileRef = 60261D9428CA26DF004E2589 /* LaunchScreen.storyboard */; };
		60261DA128CA26E0004E2589 /* UniverseGalleryTests.swift in Sources */ = {isa = PBXBuildFile; fileRef = 60261DA028CA26E0004E2589 /* UniverseGalleryTests.swift */; };
		60261DAB28CA26E0004E2589 /* UniverseGalleryUITests.swift in Sources */ = {isa = PBXBuildFile; fileRef = 60261DAA28CA26E0004E2589 /* UniverseGalleryUITests.swift */; };
		60261DAD28CA26E0004E2589 /* UniverseGalleryUITestsLaunchTests.swift in Sources */ = {isa = PBXBuildFile; fileRef = 60261DAC28CA26E0004E2589 /* UniverseGalleryUITestsLaunchTests.swift */; };
/* End PBXBuildFile section */

/* Begin PBXContainerItemProxy section */
		60261D9D28CA26E0004E2589 /* PBXContainerItemProxy */ = {
			isa = PBXContainerItemProxy;
			containerPortal = 60261D7E28CA26DC004E2589 /* Project object */;
			proxyType = 1;
			remoteGlobalIDString = 60261D8528CA26DC004E2589;
			remoteInfo = UniverseGallery;
		};
		60261DA728CA26E0004E2589 /* PBXContainerItemProxy */ = {
			isa = PBXContainerItemProxy;
			containerPortal = 60261D7E28CA26DC004E2589 /* Project object */;
			proxyType = 1;
			remoteGlobalIDString = 60261D8528CA26DC004E2589;
			remoteInfo = UniverseGallery;
		};
/* End PBXContainerItemProxy section */

/* Begin PBXFileReference section */
		60261D8628CA26DC004E2589 /* UniverseGallery.app */ = {isa = PBXFileReference; explicitFileType = wrapper.application; includeInIndex = 0; path = UniverseGallery.app; sourceTree = BUILT_PRODUCTS_DIR; };
		60261D8928CA26DC004E2589 /* AppDelegate.swift */ = {isa = PBXFileReference; lastKnownFileType = sourcecode.swift; path = AppDelegate.swift; sourceTree = "<group>"; };
		60261D8B28CA26DC004E2589 /* SceneDelegate.swift */ = {isa = PBXFileReference; lastKnownFileType = sourcecode.swift; path = SceneDelegate.swift; sourceTree = "<group>"; };
		60261D8D28CA26DC004E2589 /* ViewController.swift */ = {isa = PBXFileReference; lastKnownFileType = sourcecode.swift; path = ViewController.swift; sourceTree = "<group>"; };
		60261D9028CA26DC004E2589 /* Base */ = {isa = PBXFileReference; lastKnownFileType = file.storyboard; name = Base; path = Base.lproj/Main.storyboard; sourceTree = "<group>"; };
		60261D9228CA26DF004E2589 /* Assets.xcassets */ = {isa = PBXFileReference; lastKnownFileType = folder.assetcatalog; path = Assets.xcassets; sourceTree = "<group>"; };
		60261D9528CA26DF004E2589 /* Base */ = {isa = PBXFileReference; lastKnownFileType = file.storyboard; name = Base; path = Base.lproj/LaunchScreen.storyboard; sourceTree = "<group>"; };
		60261D9728CA26DF004E2589 /* Info.plist */ = {isa = PBXFileReference; lastKnownFileType = text.plist.xml; path = Info.plist; sourceTree = "<group>"; };
		60261D9C28CA26E0004E2589 /* UniverseGalleryTests.xctest */ = {isa = PBXFileReference; explicitFileType = wrapper.cfbundle; includeInIndex = 0; path = UniverseGalleryTests.xctest; sourceTree = BUILT_PRODUCTS_DIR; };
		60261DA028CA26E0004E2589 /* UniverseGalleryTests.swift */ = {isa = PBXFileReference; lastKnownFileType = sourcecode.swift; path = UniverseGalleryTests.swift; sourceTree = "<group>"; };
		60261DA628CA26E0004E2589 /* UniverseGalleryUITests.xctest */ = {isa = PBXFileReference; explicitFileType = wrapper.cfbundle; includeInIndex = 0; path = UniverseGalleryUITests.xctest; sourceTree = BUILT_PRODUCTS_DIR; };
		60261DAA28CA26E0004E2589 /* UniverseGalleryUITests.swift */ = {isa = PBXFileReference; lastKnownFileType = sourcecode.swift; path = UniverseGalleryUITests.swift; sourceTree = "<group>"; };
		60261DAC28CA26E0004E2589 /* UniverseGalleryUITestsLaunchTests.swift */ = {isa = PBXFileReference; lastKnownFileType = sourcecode.swift; path = UniverseGalleryUITestsLaunchTests.swift; sourceTree = "<group>"; };
/* End PBXFileReference section */

/* Begin PBXFrameworksBuildPhase section */
		60261D8328CA26DC004E2589 /* Frameworks */ = {
			isa = PBXFrameworksBuildPhase;
			buildActionMask = 2147483647;
			files = (
			);
			runOnlyForDeploymentPostprocessing = 0;
		};
		60261D9928CA26E0004E2589 /* Frameworks */ = {
			isa = PBXFrameworksBuildPhase;
			buildActionMask = 2147483647;
			files = (
			);
			runOnlyForDeploymentPostprocessing = 0;
		};
		60261DA328CA26E0004E2589 /* Frameworks */ = {
			isa = PBXFrameworksBuildPhase;
			buildActionMask = 2147483647;
			files = (
			);
			runOnlyForDeploymentPostprocessing = 0;
		};
/* End PBXFrameworksBuildPhase section */

/* Begin PBXGroup section */
		60261D7D28CA26DC004E2589 = {
			isa = PBXGroup;
			children = (
				60261D8828CA26DC004E2589 /* UniverseGallery */,
				60261D9F28CA26E0004E2589 /* UniverseGalleryTests */,
				60261DA928CA26E0004E2589 /* UniverseGalleryUITests */,
				60261D8728CA26DC004E2589 /* Products */,
			);
			sourceTree = "<group>";
		};
		60261D8728CA26DC004E2589 /* Products */ = {
			isa = PBXGroup;
			children = (
				60261D8628CA26DC004E2589 /* UniverseGallery.app */,
				60261D9C28CA26E0004E2589 /* UniverseGalleryTests.xctest */,
				60261DA628CA26E0004E2589 /* UniverseGalleryUITests.xctest */,
			);
			name = Products;
			sourceTree = "<group>";
		};
		60261D8828CA26DC004E2589 /* UniverseGallery */ = {
			isa = PBXGroup;
			children = (
				60261D8928CA26DC004E2589 /* AppDelegate.swift */,
				60261D8B28CA26DC004E2589 /* SceneDelegate.swift */,
				60261D8D28CA26DC004E2589 /* ViewController.swift */,
				60261D8F28CA26DC004E2589 /* Main.storyboard */,
				60261D9228CA26DF004E2589 /* Assets.xcassets */,
				60261D9428CA26DF004E2589 /* LaunchScreen.storyboard */,
				60261D9728CA26DF004E2589 /* Info.plist */,
			);
			path = UniverseGallery;
			sourceTree = "<group>";
		};
		60261D9F28CA26E0004E2589 /* UniverseGalleryTests */ = {
			isa = PBXGroup;
			children = (
				60261DA028CA26E0004E2589 /* UniverseGalleryTests.swift */,
			);
			path = UniverseGalleryTests;
			sourceTree = "<group>";
		};
		60261DA928CA26E0004E2589 /* UniverseGalleryUITests */ = {
			isa = PBXGroup;
			children = (
				60261DAA28CA26E0004E2589 /* UniverseGalleryUITests.swift */,
				60261DAC28CA26E0004E2589 /* UniverseGalleryUITestsLaunchTests.swift */,
			);
			path = UniverseGalleryUITests;
			sourceTree = "<group>";
		};
/* End PBXGroup section */

/* Begin PBXNativeTarget section */
		60261D8528CA26DC004E2589 /* UniverseGallery */ = {
			isa = PBXNativeTarget;
			buildConfigurationList = 60261DB028CA26E0004E2589 /* Build configuration list for PBXNativeTarget "UniverseGallery" */;
			buildPhases = (
				60261D8228CA26DC004E2589 /* Sources */,
				60261D8328CA26DC004E2589 /* Frameworks */,
				60261D8428CA26DC004E2589 /* Resources */,
			);
			buildRules = (
			);
			dependencies = (
			);
			name = UniverseGallery;
			productName = UniverseGallery;
			productReference = 60261D8628CA26DC004E2589 /* UniverseGallery.app */;
			productType = "com.apple.product-type.application";
		};
		60261D9B28CA26E0004E2589 /* UniverseGalleryTests */ = {
			isa = PBXNativeTarget;
			buildConfigurationList = 60261DB328CA26E0004E2589 /* Build configuration list for PBXNativeTarget "UniverseGalleryTests" */;
			buildPhases = (
				60261D9828CA26E0004E2589 /* Sources */,
				60261D9928CA26E0004E2589 /* Frameworks */,
				60261D9A28CA26E0004E2589 /* Resources */,
			);
			buildRules = (
			);
			dependencies = (
				60261D9E28CA26E0004E2589 /* PBXTargetDependency */,
			);
			name = UniverseGalleryTests;
			productName = UniverseGalleryTests;
			productReference = 60261D9C28CA26E0004E2589 /* UniverseGalleryTests.xctest */;
			productType = "com.apple.product-type.bundle.unit-test";
		};
		60261DA528CA26E0004E2589 /* UniverseGalleryUITests */ = {
			isa = PBXNativeTarget;
			buildConfigurationList = 60261DB628CA26E0004E2589 /* Build configuration list for PBXNativeTarget "UniverseGalleryUITests" */;
			buildPhases = (
				60261DA228CA26E0004E2589 /* Sources */,
				60261DA328CA26E0004E2589 /* Frameworks */,
				60261DA428CA26E0004E2589 /* Resources */,
			);
			buildRules = (
			);
			dependencies = (
				60261DA828CA26E0004E2589 /* PBXTargetDependency */,
			);
			name = UniverseGalleryUITests;
			productName = UniverseGalleryUITests;
			productReference = 60261DA628CA26E0004E2589 /* UniverseGalleryUITests.xctest */;
			productType = "com.apple.product-type.bundle.ui-testing";
		};
/* End PBXNativeTarget section */

/* Begin PBXProject section */
		60261D7E28CA26DC004E2589 /* Project object */ = {
			isa = PBXProject;
			attributes = {
				BuildIndependentTargetsInParallel = 1;
				LastSwiftUpdateCheck = 1320;
				LastUpgradeCheck = 1320;
				TargetAttributes = {
					60261D8528CA26DC004E2589 = {
						CreatedOnToolsVersion = 13.2.1;
					};
					60261D9B28CA26E0004E2589 = {
						CreatedOnToolsVersion = 13.2.1;
						TestTargetID = 60261D8528CA26DC004E2589;
					};
					60261DA528CA26E0004E2589 = {
						CreatedOnToolsVersion = 13.2.1;
						TestTargetID = 60261D8528CA26DC004E2589;
					};
				};
			};
			buildConfigurationList = 60261D8128CA26DC004E2589 /* Build configuration list for PBXProject "UniverseGallery" */;
			compatibilityVersion = "Xcode 13.0";
			developmentRegion = en;
			hasScannedForEncodings = 0;
			knownRegions = (
				en,
				Base,
			);
			mainGroup = 60261D7D28CA26DC004E2589;
			productRefGroup = 60261D8728CA26DC004E2589 /* Products */;
			projectDirPath = "";
			projectRoot = "";
			targets = (
				60261D8528CA26DC004E2589 /* UniverseGallery */,
				60261D9B28CA26E0004E2589 /* UniverseGalleryTests */,
				60261DA528CA26E0004E2589 /* UniverseGalleryUITests */,
			);
		};
/* End PBXProject section */

/* Begin PBXResourcesBuildPhase section */
		60261D8428CA26DC004E2589 /* Resources */ = {
			isa = PBXResourcesBuildPhase;
			buildActionMask = 2147483647;
			files = (
				60261D9628CA26DF004E2589 /* LaunchScreen.storyboard in Resources */,
				60261D9328CA26DF004E2589 /* Assets.xcassets in Resources */,
				60261D9128CA26DC004E2589 /* Main.storyboard in Resources */,
			);
			runOnlyForDeploymentPostprocessing = 0;
		};
		60261D9A28CA26E0004E2589 /* Resources */ = {
			isa = PBXResourcesBuildPhase;
			buildActionMask = 2147483647;
			files = (
			);
			runOnlyForDeploymentPostprocessing = 0;
		};
		60261DA428CA26E0004E2589 /* Resources */ = {
			isa = PBXResourcesBuildPhase;
			buildActionMask = 2147483647;
			files = (
			);
			runOnlyForDeploymentPostprocessing = 0;
		};
/* End PBXResourcesBuildPhase section */

/* Begin PBXSourcesBuildPhase section */
		60261D8228CA26DC004E2589 /* Sources */ = {
			isa = PBXSourcesBuildPhase;
			buildActionMask = 2147483647;
			files = (
				60261D8E28CA26DC004E2589 /* ViewController.swift in Sources */,
				60261D8A28CA26DC004E2589 /* AppDelegate.swift in Sources */,
				60261D8C28CA26DC004E2589 /* SceneDelegate.swift in Sources */,
			);
			runOnlyForDeploymentPostprocessing = 0;
		};
		60261D9828CA26E0004E2589 /* Sources */ = {
			isa = PBXSourcesBuildPhase;
			buildActionMask = 2147483647;
			files = (
				60261DA128CA26E0004E2589 /* UniverseGalleryTests.swift in Sources */,
			);
			runOnlyForDeploymentPostprocessing = 0;
		};
		60261DA228CA26E0004E2589 /* Sources */ = {
			isa = PBXSourcesBuildPhase;
			buildActionMask = 2147483647;
			files = (
				60261DAD28CA26E0004E2589 /* UniverseGalleryUITestsLaunchTests.swift in Sources */,
				60261DAB28CA26E0004E2589 /* UniverseGalleryUITests.swift in Sources */,
			);
			runOnlyForDeploymentPostprocessing = 0;
		};
/* End PBXSourcesBuildPhase section */

/* Begin PBXTargetDependency section */
		60261D9E28CA26E0004E2589 /* PBXTargetDependency */ = {
			isa = PBXTargetDependency;
			target = 60261D8528CA26DC004E2589 /* UniverseGallery */;
			targetProxy = 60261D9D28CA26E0004E2589 /* PBXContainerItemProxy */;
		};
		60261DA828CA26E0004E2589 /* PBXTargetDependency */ = {
			isa = PBXTargetDependency;
			target = 60261D8528CA26DC004E2589 /* UniverseGallery */;
			targetProxy = 60261DA728CA26E0004E2589 /* PBXContainerItemProxy */;
		};
/* End PBXTargetDependency section */

/* Begin PBXVariantGroup section */
		60261D8F28CA26DC004E2589 /* Main.storyboard */ = {
			isa = PBXVariantGroup;
			children = (
				60261D9028CA26DC004E2589 /* Base */,
			);
			name = Main.storyboard;
			sourceTree = "<group>";
		};
		60261D9428CA26DF004E2589 /* LaunchScreen.storyboard */ = {
			isa = PBXVariantGroup;
			children = (
				60261D9528CA26DF004E2589 /* Base */,
			);
			name = LaunchScreen.storyboard;
			sourceTree = "<group>";
		};
/* End PBXVariantGroup section */

/* Begin XCBuildConfiguration section */
		60261DAE28CA26E0004E2589 /* Debug */ = {
			isa = XCBuildConfiguration;
			buildSettings = {
				ALWAYS_SEARCH_USER_PATHS = NO;
				CLANG_ANALYZER_NONNULL = YES;
				CLANG_ANALYZER_NUMBER_OBJECT_CONVERSION = YES_AGGRESSIVE;
				CLANG_CXX_LANGUAGE_STANDARD = "gnu++17";
				CLANG_CXX_LIBRARY = "libc++";
				CLANG_ENABLE_MODULES = YES;
				CLANG_ENABLE_OBJC_ARC = YES;
				CLANG_ENABLE_OBJC_WEAK = YES;
				CLANG_WARN_BLOCK_CAPTURE_AUTORELEASING = YES;
				CLANG_WARN_BOOL_CONVERSION = YES;
				CLANG_WARN_COMMA = YES;
				CLANG_WARN_CONSTANT_CONVERSION = YES;
				CLANG_WARN_DEPRECATED_OBJC_IMPLEMENTATIONS = YES;
				CLANG_WARN_DIRECT_OBJC_ISA_USAGE = YES_ERROR;
				CLANG_WARN_DOCUMENTATION_COMMENTS = YES;
				CLANG_WARN_EMPTY_BODY = YES;
				CLANG_WARN_ENUM_CONVERSION = YES;
				CLANG_WARN_INFINITE_RECURSION = YES;
				CLANG_WARN_INT_CONVERSION = YES;
				CLANG_WARN_NON_LITERAL_NULL_CONVERSION = YES;
				CLANG_WARN_OBJC_IMPLICIT_RETAIN_SELF = YES;
				CLANG_WARN_OBJC_LITERAL_CONVERSION = YES;
				CLANG_WARN_OBJC_ROOT_CLASS = YES_ERROR;
				CLANG_WARN_QUOTED_INCLUDE_IN_FRAMEWORK_HEADER = YES;
				CLANG_WARN_RANGE_LOOP_ANALYSIS = YES;
				CLANG_WARN_STRICT_PROTOTYPES = YES;
				CLANG_WARN_SUSPICIOUS_MOVE = YES;
				CLANG_WARN_UNGUARDED_AVAILABILITY = YES_AGGRESSIVE;
				CLANG_WARN_UNREACHABLE_CODE = YES;
				CLANG_WARN__DUPLICATE_METHOD_MATCH = YES;
				COPY_PHASE_STRIP = NO;
				DEBUG_INFORMATION_FORMAT = dwarf;
				ENABLE_STRICT_OBJC_MSGSEND = YES;
				ENABLE_TESTABILITY = YES;
				GCC_C_LANGUAGE_STANDARD = gnu11;
				GCC_DYNAMIC_NO_PIC = NO;
				GCC_NO_COMMON_BLOCKS = YES;
				GCC_OPTIMIZATION_LEVEL = 0;
				GCC_PREPROCESSOR_DEFINITIONS = (
					"DEBUG=1",
					"$(inherited)",
				);
				GCC_WARN_64_TO_32_BIT_CONVERSION = YES;
				GCC_WARN_ABOUT_RETURN_TYPE = YES_ERROR;
				GCC_WARN_UNDECLARED_SELECTOR = YES;
				GCC_WARN_UNINITIALIZED_AUTOS = YES_AGGRESSIVE;
				GCC_WARN_UNUSED_FUNCTION = YES;
				GCC_WARN_UNUSED_VARIABLE = YES;
				IPHONEOS_DEPLOYMENT_TARGET = 15.2;
				MTL_ENABLE_DEBUG_INFO = INCLUDE_SOURCE;
				MTL_FAST_MATH = YES;
				ONLY_ACTIVE_ARCH = YES;
				SDKROOT = iphoneos;
				SWIFT_ACTIVE_COMPILATION_CONDITIONS = DEBUG;
				SWIFT_OPTIMIZATION_LEVEL = "-Onone";
			};
			name = Debug;
		};
		60261DAF28CA26E0004E2589 /* Release */ = {
			isa = XCBuildConfiguration;
			buildSettings = {
				ALWAYS_SEARCH_USER_PATHS = NO;
				CLANG_ANALYZER_NONNULL = YES;
				CLANG_ANALYZER_NUMBER_OBJECT_CONVERSION = YES_AGGRESSIVE;
				CLANG_CXX_LANGUAGE_STANDARD = "gnu++17";
				CLANG_CXX_LIBRARY = "libc++";
				CLANG_ENABLE_MODULES = YES;
				CLANG_ENABLE_OBJC_ARC = YES;
				CLANG_ENABLE_OBJC_WEAK = YES;
				CLANG_WARN_BLOCK_CAPTURE_AUTORELEASING = YES;
				CLANG_WARN_BOOL_CONVERSION = YES;
				CLANG_WARN_COMMA = YES;
				CLANG_WARN_CONSTANT_CONVERSION = YES;
				CLANG_WARN_DEPRECATED_OBJC_IMPLEMENTATIONS = YES;
				CLANG_WARN_DIRECT_OBJC_ISA_USAGE = YES_ERROR;
				CLANG_WARN_DOCUMENTATION_COMMENTS = YES;
				CLANG_WARN_EMPTY_BODY = YES;
				CLANG_WARN_ENUM_CONVERSION = YES;
				CLANG_WARN_INFINITE_RECURSION = YES;
				CLANG_WARN_INT_CONVERSION = YES;
				CLANG_WARN_NON_LITERAL_NULL_CONVERSION = YES;
				CLANG_WARN_OBJC_IMPLICIT_RETAIN_SELF = YES;
				CLANG_WARN_OBJC_LITERAL_CONVERSION = YES;
				CLANG_WARN_OBJC_ROOT_CLASS = YES_ERROR;
				CLANG_WARN_QUOTED_INCLUDE_IN_FRAMEWORK_HEADER = YES;
				CLANG_WARN_RANGE_LOOP_ANALYSIS = YES;
				CLANG_WARN_STRICT_PROTOTYPES = YES;
				CLANG_WARN_SUSPICIOUS_MOVE = YES;
				CLANG_WARN_UNGUARDED_AVAILABILITY = YES_AGGRESSIVE;
				CLANG_WARN_UNREACHABLE_CODE = YES;
				CLANG_WARN__DUPLICATE_METHOD_MATCH = YES;
				COPY_PHASE_STRIP = NO;
				DEBUG_INFORMATION_FORMAT = "dwarf-with-dsym";
				ENABLE_NS_ASSERTIONS = NO;
				ENABLE_STRICT_OBJC_MSGSEND = YES;
				GCC_C_LANGUAGE_STANDARD = gnu11;
				GCC_NO_COMMON_BLOCKS = YES;
				GCC_WARN_64_TO_32_BIT_CONVERSION = YES;
				GCC_WARN_ABOUT_RETURN_TYPE = YES_ERROR;
				GCC_WARN_UNDECLARED_SELECTOR = YES;
				GCC_WARN_UNINITIALIZED_AUTOS = YES_AGGRESSIVE;
				GCC_WARN_UNUSED_FUNCTION = YES;
				GCC_WARN_UNUSED_VARIABLE = YES;
				IPHONEOS_DEPLOYMENT_TARGET = 15.2;
				MTL_ENABLE_DEBUG_INFO = NO;
				MTL_FAST_MATH = YES;
				SDKROOT = iphoneos;
				SWIFT_COMPILATION_MODE = wholemodule;
				SWIFT_OPTIMIZATION_LEVEL = "-O";
				VALIDATE_PRODUCT = YES;
			};
			name = Release;
		};
		60261DB128CA26E0004E2589 /* Debug */ = {
			isa = XCBuildConfiguration;
			buildSettings = {
				ASSETCATALOG_COMPILER_APPICON_NAME = AppIcon;
				ASSETCATALOG_COMPILER_GLOBAL_ACCENT_COLOR_NAME = AccentColor;
				CODE_SIGN_STYLE = Automatic;
				CURRENT_PROJECT_VERSION = 1;
				DEVELOPMENT_TEAM = 8X3F3RD4GL;
				GENERATE_INFOPLIST_FILE = YES;
				INFOPLIST_FILE = UniverseGallery/Info.plist;
				INFOPLIST_KEY_UIApplicationSupportsIndirectInputEvents = YES;
				INFOPLIST_KEY_UILaunchStoryboardName = LaunchScreen;
				INFOPLIST_KEY_UIMainStoryboardFile = Main;
				INFOPLIST_KEY_UISupportedInterfaceOrientations_iPad = "UIInterfaceOrientationPortrait UIInterfaceOrientationPortraitUpsideDown UIInterfaceOrientationLandscapeLeft UIInterfaceOrientationLandscapeRight";
				INFOPLIST_KEY_UISupportedInterfaceOrientations_iPhone = "UIInterfaceOrientationPortrait UIInterfaceOrientationLandscapeLeft UIInterfaceOrientationLandscapeRight";
				LD_RUNPATH_SEARCH_PATHS = (
					"$(inherited)",
					"@executable_path/Frameworks",
				);
				MARKETING_VERSION = 1.0;
				PRODUCT_BUNDLE_IDENTIFIER = com.sawant.UniverseGallery;
				PRODUCT_NAME = "$(TARGET_NAME)";
				SWIFT_EMIT_LOC_STRINGS = YES;
				SWIFT_VERSION = 5.0;
				TARGETED_DEVICE_FAMILY = "1,2";
			};
			name = Debug;
		};
		60261DB228CA26E0004E2589 /* Release */ = {
			isa = XCBuildConfiguration;
			buildSettings = {
				ASSETCATALOG_COMPILER_APPICON_NAME = AppIcon;
				ASSETCATALOG_COMPILER_GLOBAL_ACCENT_COLOR_NAME = AccentColor;
				CODE_SIGN_STYLE = Automatic;
				CURRENT_PROJECT_VERSION = 1;
				DEVELOPMENT_TEAM = 8X3F3RD4GL;
				GENERATE_INFOPLIST_FILE = YES;
				INFOPLIST_FILE = UniverseGallery/Info.plist;
				INFOPLIST_KEY_UIApplicationSupportsIndirectInputEvents = YES;
				INFOPLIST_KEY_UILaunchStoryboardName = LaunchScreen;
				INFOPLIST_KEY_UIMainStoryboardFile = Main;
				INFOPLIST_KEY_UISupportedInterfaceOrientations_iPad = "UIInterfaceOrientationPortrait UIInterfaceOrientationPortraitUpsideDown UIInterfaceOrientationLandscapeLeft UIInterfaceOrientationLandscapeRight";
				INFOPLIST_KEY_UISupportedInterfaceOrientations_iPhone = "UIInterfaceOrientationPortrait UIInterfaceOrientationLandscapeLeft UIInterfaceOrientationLandscapeRight";
				LD_RUNPATH_SEARCH_PATHS = (
					"$(inherited)",
					"@executable_path/Frameworks",
				);
				MARKETING_VERSION = 1.0;
				PRODUCT_BUNDLE_IDENTIFIER = com.sawant.UniverseGallery;
				PRODUCT_NAME = "$(TARGET_NAME)";
				SWIFT_EMIT_LOC_STRINGS = YES;
				SWIFT_VERSION = 5.0;
				TARGETED_DEVICE_FAMILY = "1,2";
			};
			name = Release;
		};
		60261DB428CA26E0004E2589 /* Debug */ = {
			isa = XCBuildConfiguration;
			buildSettings = {
				ALWAYS_EMBED_SWIFT_STANDARD_LIBRARIES = YES;
				BUNDLE_LOADER = "$(TEST_HOST)";
				CODE_SIGN_STYLE = Automatic;
				CURRENT_PROJECT_VERSION = 1;
				DEVELOPMENT_TEAM = 8X3F3RD4GL;
				GENERATE_INFOPLIST_FILE = YES;
				IPHONEOS_DEPLOYMENT_TARGET = 15.2;
				MARKETING_VERSION = 1.0;
				PRODUCT_BUNDLE_IDENTIFIER = com.sawant.UniverseGalleryTests;
				PRODUCT_NAME = "$(TARGET_NAME)";
				SWIFT_EMIT_LOC_STRINGS = NO;
				SWIFT_VERSION = 5.0;
				TARGETED_DEVICE_FAMILY = "1,2";
				TEST_HOST = "$(BUILT_PRODUCTS_DIR)/UniverseGallery.app/UniverseGallery";
			};
			name = Debug;
		};
		60261DB528CA26E0004E2589 /* Release */ = {
			isa = XCBuildConfiguration;
			buildSettings = {
				ALWAYS_EMBED_SWIFT_STANDARD_LIBRARIES = YES;
				BUNDLE_LOADER = "$(TEST_HOST)";
				CODE_SIGN_STYLE = Automatic;
				CURRENT_PROJECT_VERSION = 1;
				DEVELOPMENT_TEAM = 8X3F3RD4GL;
				GENERATE_INFOPLIST_FILE = YES;
				IPHONEOS_DEPLOYMENT_TARGET = 15.2;
				MARKETING_VERSION = 1.0;
				PRODUCT_BUNDLE_IDENTIFIER = com.sawant.UniverseGalleryTests;
				PRODUCT_NAME = "$(TARGET_NAME)";
				SWIFT_EMIT_LOC_STRINGS = NO;
				SWIFT_VERSION = 5.0;
				TARGETED_DEVICE_FAMILY = "1,2";
				TEST_HOST = "$(BUILT_PRODUCTS_DIR)/UniverseGallery.app/UniverseGallery";
			};
			name = Release;
		};
		60261DB728CA26E0004E2589 /* Debug */ = {
			isa = XCBuildConfiguration;
			buildSettings = {
				ALWAYS_EMBED_SWIFT_STANDARD_LIBRARIES = YES;
				CODE_SIGN_STYLE = Automatic;
				CURRENT_PROJECT_VERSION = 1;
				DEVELOPMENT_TEAM = 8X3F3RD4GL;
				GENERATE_INFOPLIST_FILE = YES;
				MARKETING_VERSION = 1.0;
				PRODUCT_BUNDLE_IDENTIFIER = com.sawant.UniverseGalleryUITests;
				PRODUCT_NAME = "$(TARGET_NAME)";
				SWIFT_EMIT_LOC_STRINGS = NO;
				SWIFT_VERSION = 5.0;
				TARGETED_DEVICE_FAMILY = "1,2";
				TEST_TARGET_NAME = UniverseGallery;
			};
			name = Debug;
		};
		60261DB828CA26E0004E2589 /* Release */ = {
			isa = XCBuildConfiguration;
			buildSettings = {
				ALWAYS_EMBED_SWIFT_STANDARD_LIBRARIES = YES;
				CODE_SIGN_STYLE = Automatic;
				CURRENT_PROJECT_VERSION = 1;
				DEVELOPMENT_TEAM = 8X3F3RD4GL;
				GENERATE_INFOPLIST_FILE = YES;
				MARKETING_VERSION = 1.0;
				PRODUCT_BUNDLE_IDENTIFIER = com.sawant.UniverseGalleryUITests;
				PRODUCT_NAME = "$(TARGET_NAME)";
				SWIFT_EMIT_LOC_STRINGS = NO;
				SWIFT_VERSION = 5.0;
				TARGETED_DEVICE_FAMILY = "1,2";
				TEST_TARGET_NAME = UniverseGallery;
			};
			name = Release;
		};
/* End XCBuildConfiguration section */

/* Begin XCConfigurationList section */
		60261D8128CA26DC004E2589 /* Build configuration list for PBXProject "UniverseGallery" */ = {
			isa = XCConfigurationList;
			buildConfigurations = (
				60261DAE28CA26E0004E2589 /* Debug */,
				60261DAF28CA26E0004E2589 /* Release */,
			);
			defaultConfigurationIsVisible = 0;
			defaultConfigurationName = Release;
		};
		60261DB028CA26E0004E2589 /* Build configuration list for PBXNativeTarget "UniverseGallery" */ = {
			isa = XCConfigurationList;
			buildConfigurations = (
				60261DB128CA26E0004E2589 /* Debug */,
				60261DB228CA26E0004E2589 /* Release */,
			);
			defaultConfigurationIsVisible = 0;
			defaultConfigurationName = Release;
		};
		60261DB328CA26E0004E2589 /* Build configuration list for PBXNativeTarget "UniverseGalleryTests" */ = {
			isa = XCConfigurationList;
			buildConfigurations = (
				60261DB428CA26E0004E2589 /* Debug */,
				60261DB528CA26E0004E2589 /* Release */,
			);
			defaultConfigurationIsVisible = 0;
			defaultConfigurationName = Release;
		};
		60261DB628CA26E0004E2589 /* Build configuration list for PBXNativeTarget "UniverseGalleryUITests" */ = {
			isa = XCConfigurationList;
			buildConfigurations = (
				60261DB728CA26E0004E2589 /* Debug */,
				60261DB828CA26E0004E2589 /* Release */,
			);
			defaultConfigurationIsVisible = 0;
			defaultConfigurationName = Release;
		};
/* End XCConfigurationList section */
	};
	rootObject = 60261D7E28CA26DC004E2589 /* Project object */;
}
